// !$*UTF8*$!
{
	archiveVersion = 1;
	classes = {
	};
	objectVersion = 56;
	objects = {

/* Begin PBXBuildFile section */
		AD18D8C22B9D4AA3002FD646 /* AnzenNaviApp.swift in Sources */ = {isa = PBXBuildFile; fileRef = AD18D8C12B9D4AA3002FD646 /* AnzenNaviApp.swift */; };
		AD18D8C42B9D4AA3002FD646 /* ContentView.swift in Sources */ = {isa = PBXBuildFile; fileRef = AD18D8C32B9D4AA3002FD646 /* ContentView.swift */; };
		AD18D8C62B9D4AA4002FD646 /* Assets.xcassets in Resources */ = {isa = PBXBuildFile; fileRef = AD18D8C52B9D4AA4002FD646 /* Assets.xcassets */; };
		AD18D8C92B9D4AA4002FD646 /* Preview Assets.xcassets in Resources */ = {isa = PBXBuildFile; fileRef = AD18D8C82B9D4AA4002FD646 /* Preview Assets.xcassets */; };
		AD18D8FB2B9D4CE0002FD646 /* ButtonView.swift in Sources */ = {isa = PBXBuildFile; fileRef = AD18D8FA2B9D4CE0002FD646 /* ButtonView.swift */; };
		AD18D8FD2B9D4CE9002FD646 /* ItemInfoView.swift in Sources */ = {isa = PBXBuildFile; fileRef = AD18D8FC2B9D4CE9002FD646 /* ItemInfoView.swift */; };
		AD18D8FF2B9D4CF2002FD646 /* LoadView.swift in Sources */ = {isa = PBXBuildFile; fileRef = AD18D8FE2B9D4CF2002FD646 /* LoadView.swift */; };
		AD18D9022B9D4D14002FD646 /* MainView.swift in Sources */ = {isa = PBXBuildFile; fileRef = AD18D9012B9D4D14002FD646 /* MainView.swift */; };
		AD18D9042B9D4D26002FD646 /* SlideUpMenuView.swift in Sources */ = {isa = PBXBuildFile; fileRef = AD18D9032B9D4D26002FD646 /* SlideUpMenuView.swift */; };
		AD18D9062B9D4D36002FD646 /* ProfileView.swift in Sources */ = {isa = PBXBuildFile; fileRef = AD18D9052B9D4D36002FD646 /* ProfileView.swift */; };
		AD18D90A2B9D4E1C002FD646 /* FirebaseAuth in Frameworks */ = {isa = PBXBuildFile; productRef = AD18D9092B9D4E1C002FD646 /* FirebaseAuth */; };
		AD18D90C2B9D56BE002FD646 /* MapViewModel.swift in Sources */ = {isa = PBXBuildFile; fileRef = AD18D90B2B9D56BE002FD646 /* MapViewModel.swift */; };
		ADC8B2252B9D975D00EA0A11 /* GoogleService-Info.plist in Resources */ = {isa = PBXBuildFile; fileRef = ADC8B2242B9D975D00EA0A11 /* GoogleService-Info.plist */; };
/* End PBXBuildFile section */

/* Begin PBXFileReference section */
		AD18D8BE2B9D4AA3002FD646 /* AnzenNavi.app */ = {isa = PBXFileReference; explicitFileType = wrapper.application; includeInIndex = 0; path = AnzenNavi.app; sourceTree = BUILT_PRODUCTS_DIR; };
		AD18D8C12B9D4AA3002FD646 /* AnzenNaviApp.swift */ = {isa = PBXFileReference; lastKnownFileType = sourcecode.swift; path = AnzenNaviApp.swift; sourceTree = "<group>"; };
		AD18D8C32B9D4AA3002FD646 /* ContentView.swift */ = {isa = PBXFileReference; lastKnownFileType = sourcecode.swift; path = ContentView.swift; sourceTree = "<group>"; };
		AD18D8C52B9D4AA4002FD646 /* Assets.xcassets */ = {isa = PBXFileReference; lastKnownFileType = folder.assetcatalog; path = Assets.xcassets; sourceTree = "<group>"; };
		AD18D8C82B9D4AA4002FD646 /* Preview Assets.xcassets */ = {isa = PBXFileReference; lastKnownFileType = folder.assetcatalog; path = "Preview Assets.xcassets"; sourceTree = "<group>"; };
		AD18D8FA2B9D4CE0002FD646 /* ButtonView.swift */ = {isa = PBXFileReference; lastKnownFileType = sourcecode.swift; path = ButtonView.swift; sourceTree = "<group>"; };
		AD18D8FC2B9D4CE9002FD646 /* ItemInfoView.swift */ = {isa = PBXFileReference; lastKnownFileType = sourcecode.swift; path = ItemInfoView.swift; sourceTree = "<group>"; };
		AD18D8FE2B9D4CF2002FD646 /* LoadView.swift */ = {isa = PBXFileReference; lastKnownFileType = sourcecode.swift; path = LoadView.swift; sourceTree = "<group>"; };
		AD18D9012B9D4D14002FD646 /* MainView.swift */ = {isa = PBXFileReference; lastKnownFileType = sourcecode.swift; path = MainView.swift; sourceTree = "<group>"; };
		AD18D9032B9D4D26002FD646 /* SlideUpMenuView.swift */ = {isa = PBXFileReference; lastKnownFileType = sourcecode.swift; path = SlideUpMenuView.swift; sourceTree = "<group>"; };
		AD18D9052B9D4D36002FD646 /* ProfileView.swift */ = {isa = PBXFileReference; lastKnownFileType = sourcecode.swift; path = ProfileView.swift; sourceTree = "<group>"; };
		AD18D90B2B9D56BE002FD646 /* MapViewModel.swift */ = {isa = PBXFileReference; lastKnownFileType = sourcecode.swift; path = MapViewModel.swift; sourceTree = "<group>"; };
		ADC8B2242B9D975D00EA0A11 /* GoogleService-Info.plist */ = {isa = PBXFileReference; fileEncoding = 4; lastKnownFileType = text.plist.xml; path = "GoogleService-Info.plist"; sourceTree = "<group>"; };
		ADC8B2262B9DB35100EA0A11 /* AnzenNaviDebug.entitlements */ = {isa = PBXFileReference; lastKnownFileType = text.plist.entitlements; path = AnzenNaviDebug.entitlements; sourceTree = "<group>"; };
/* End PBXFileReference section */

/* Begin PBXFrameworksBuildPhase section */
		AD18D8BB2B9D4AA3002FD646 /* Frameworks */ = {
			isa = PBXFrameworksBuildPhase;
			buildActionMask = 2147483647;
			files = (
				AD18D90A2B9D4E1C002FD646 /* FirebaseAuth in Frameworks */,
			);
			runOnlyForDeploymentPostprocessing = 0;
		};
/* End PBXFrameworksBuildPhase section */

/* Begin PBXGroup section */
		AD18D8B52B9D4AA3002FD646 = {
			isa = PBXGroup;
			children = (
				ADC8B2242B9D975D00EA0A11 /* GoogleService-Info.plist */,
				AD18D8C02B9D4AA3002FD646 /* AnzenNavi */,
				AD18D8BF2B9D4AA3002FD646 /* Products */,
				AD18D9082B9D4E1C002FD646 /* Frameworks */,
			);
			sourceTree = "<group>";
		};
		AD18D8BF2B9D4AA3002FD646 /* Products */ = {
			isa = PBXGroup;
			children = (
				AD18D8BE2B9D4AA3002FD646 /* AnzenNavi.app */,
			);
			name = Products;
			sourceTree = "<group>";
		};
		AD18D8C02B9D4AA3002FD646 /* AnzenNavi */ = {
			isa = PBXGroup;
			children = (
				ADC8B2262B9DB35100EA0A11 /* AnzenNaviDebug.entitlements */,
				AD18D8C12B9D4AA3002FD646 /* AnzenNaviApp.swift */,
				AD18D8C52B9D4AA4002FD646 /* Assets.xcassets */,
				AD18D8F92B9D4C8F002FD646 /* Models */,
				AD18D8F82B9D4C85002FD646 /* Firebase */,
				AD18D8F72B9D4C77002FD646 /* Views */,
				AD18D8C72B9D4AA4002FD646 /* Preview Content */,
			);
			path = AnzenNavi;
			sourceTree = "<group>";
		};
		AD18D8C72B9D4AA4002FD646 /* Preview Content */ = {
			isa = PBXGroup;
			children = (
				AD18D8C82B9D4AA4002FD646 /* Preview Assets.xcassets */,
			);
			path = "Preview Content";
			sourceTree = "<group>";
		};
		AD18D8F72B9D4C77002FD646 /* Views */ = {
			isa = PBXGroup;
			children = (
				AD18D9012B9D4D14002FD646 /* MainView.swift */,
				AD18D8FE2B9D4CF2002FD646 /* LoadView.swift */,
				AD18D8C32B9D4AA3002FD646 /* ContentView.swift */,
				AD18D9032B9D4D26002FD646 /* SlideUpMenuView.swift */,
				AD18D8FA2B9D4CE0002FD646 /* ButtonView.swift */,
				AD18D8FC2B9D4CE9002FD646 /* ItemInfoView.swift */,
				AD18D9052B9D4D36002FD646 /* ProfileView.swift */,
			);
			path = Views;
			sourceTree = "<group>";
		};
		AD18D8F82B9D4C85002FD646 /* Firebase */ = {
			isa = PBXGroup;
			children = (
			);
			path = Firebase;
			sourceTree = "<group>";
		};
		AD18D8F92B9D4C8F002FD646 /* Models */ = {
			isa = PBXGroup;
			children = (
				AD18D90B2B9D56BE002FD646 /* MapViewModel.swift */,
			);
			path = Models;
			sourceTree = "<group>";
		};
		AD18D9082B9D4E1C002FD646 /* Frameworks */ = {
			isa = PBXGroup;
			children = (
			);
			name = Frameworks;
			sourceTree = "<group>";
		};
/* End PBXGroup section */

/* Begin PBXNativeTarget section */
		AD18D8BD2B9D4AA3002FD646 /* AnzenNavi */ = {
			isa = PBXNativeTarget;
			buildConfigurationList = AD18D8CC2B9D4AA4002FD646 /* Build configuration list for PBXNativeTarget "AnzenNavi" */;
			buildPhases = (
				AD18D8BA2B9D4AA3002FD646 /* Sources */,
				AD18D8BB2B9D4AA3002FD646 /* Frameworks */,
				AD18D8BC2B9D4AA3002FD646 /* Resources */,
			);
			buildRules = (
			);
			dependencies = (
			);
			name = AnzenNavi;
			packageProductDependencies = (
				AD18D9092B9D4E1C002FD646 /* FirebaseAuth */,
			);
			productName = AnzenNavi;
			productReference = AD18D8BE2B9D4AA3002FD646 /* AnzenNavi.app */;
			productType = "com.apple.product-type.application";
		};
/* End PBXNativeTarget section */

/* Begin PBXProject section */
		AD18D8B62B9D4AA3002FD646 /* Project object */ = {
			isa = PBXProject;
			attributes = {
				BuildIndependentTargetsInParallel = 1;
				LastSwiftUpdateCheck = 1530;
				LastUpgradeCheck = 1530;
				TargetAttributes = {
					AD18D8BD2B9D4AA3002FD646 = {
						CreatedOnToolsVersion = 15.3;
					};
				};
			};
			buildConfigurationList = AD18D8B92B9D4AA3002FD646 /* Build configuration list for PBXProject "AnzenNavi" */;
			compatibilityVersion = "Xcode 14.0";
			developmentRegion = en;
			hasScannedForEncodings = 0;
			knownRegions = (
				en,
				Base,
			);
			mainGroup = AD18D8B52B9D4AA3002FD646;
			packageReferences = (
				AD18D9072B9D4E0F002FD646 /* XCRemoteSwiftPackageReference "firebase-ios-sdk" */,
			);
			productRefGroup = AD18D8BF2B9D4AA3002FD646 /* Products */;
			projectDirPath = "";
			projectRoot = "";
			targets = (
				AD18D8BD2B9D4AA3002FD646 /* AnzenNavi */,
			);
		};
/* End PBXProject section */

/* Begin PBXResourcesBuildPhase section */
		AD18D8BC2B9D4AA3002FD646 /* Resources */ = {
			isa = PBXResourcesBuildPhase;
			buildActionMask = 2147483647;
			files = (
				AD18D8C92B9D4AA4002FD646 /* Preview Assets.xcassets in Resources */,
				AD18D8C62B9D4AA4002FD646 /* Assets.xcassets in Resources */,
				ADC8B2252B9D975D00EA0A11 /* GoogleService-Info.plist in Resources */,
			);
			runOnlyForDeploymentPostprocessing = 0;
		};
/* End PBXResourcesBuildPhase section */

/* Begin PBXSourcesBuildPhase section */
		AD18D8BA2B9D4AA3002FD646 /* Sources */ = {
			isa = PBXSourcesBuildPhase;
			buildActionMask = 2147483647;
			files = (
				AD18D9062B9D4D36002FD646 /* ProfileView.swift in Sources */,
				AD18D8FF2B9D4CF2002FD646 /* LoadView.swift in Sources */,
				AD18D9022B9D4D14002FD646 /* MainView.swift in Sources */,
				AD18D8C42B9D4AA3002FD646 /* ContentView.swift in Sources */,
				AD18D9042B9D4D26002FD646 /* SlideUpMenuView.swift in Sources */,
				AD18D8C22B9D4AA3002FD646 /* AnzenNaviApp.swift in Sources */,
				AD18D8FB2B9D4CE0002FD646 /* ButtonView.swift in Sources */,
				AD18D8FD2B9D4CE9002FD646 /* ItemInfoView.swift in Sources */,
				AD18D90C2B9D56BE002FD646 /* MapViewModel.swift in Sources */,
			);
			runOnlyForDeploymentPostprocessing = 0;
		};
/* End PBXSourcesBuildPhase section */

/* Begin XCBuildConfiguration section */
		AD18D8CA2B9D4AA4002FD646 /* Debug */ = {
			isa = XCBuildConfiguration;
			buildSettings = {
				ALWAYS_SEARCH_USER_PATHS = NO;
				ASSETCATALOG_COMPILER_GENERATE_SWIFT_ASSET_SYMBOL_EXTENSIONS = YES;
				CLANG_ANALYZER_NONNULL = YES;
				CLANG_ANALYZER_NUMBER_OBJECT_CONVERSION = YES_AGGRESSIVE;
				CLANG_CXX_LANGUAGE_STANDARD = "gnu++20";
				CLANG_ENABLE_MODULES = YES;
				CLANG_ENABLE_OBJC_ARC = YES;
				CLANG_ENABLE_OBJC_WEAK = YES;
				CLANG_WARN_BLOCK_CAPTURE_AUTORELEASING = YES;
				CLANG_WARN_BOOL_CONVERSION = YES;
				CLANG_WARN_COMMA = YES;
				CLANG_WARN_CONSTANT_CONVERSION = YES;
				CLANG_WARN_DEPRECATED_OBJC_IMPLEMENTATIONS = YES;
				CLANG_WARN_DIRECT_OBJC_ISA_USAGE = YES_ERROR;
				CLANG_WARN_DOCUMENTATION_COMMENTS = YES;
				CLANG_WARN_EMPTY_BODY = YES;
				CLANG_WARN_ENUM_CONVERSION = YES;
				CLANG_WARN_INFINITE_RECURSION = YES;
				CLANG_WARN_INT_CONVERSION = YES;
				CLANG_WARN_NON_LITERAL_NULL_CONVERSION = YES;
				CLANG_WARN_OBJC_IMPLICIT_RETAIN_SELF = YES;
				CLANG_WARN_OBJC_LITERAL_CONVERSION = YES;
				CLANG_WARN_OBJC_ROOT_CLASS = YES_ERROR;
				CLANG_WARN_QUOTED_INCLUDE_IN_FRAMEWORK_HEADER = YES;
				CLANG_WARN_RANGE_LOOP_ANALYSIS = YES;
				CLANG_WARN_STRICT_PROTOTYPES = YES;
				CLANG_WARN_SUSPICIOUS_MOVE = YES;
				CLANG_WARN_UNGUARDED_AVAILABILITY = YES_AGGRESSIVE;
				CLANG_WARN_UNREACHABLE_CODE = YES;
				CLANG_WARN__DUPLICATE_METHOD_MATCH = YES;
				COPY_PHASE_STRIP = NO;
				DEBUG_INFORMATION_FORMAT = dwarf;
				ENABLE_STRICT_OBJC_MSGSEND = YES;
				ENABLE_TESTABILITY = YES;
				ENABLE_USER_SCRIPT_SANDBOXING = YES;
				GCC_C_LANGUAGE_STANDARD = gnu17;
				GCC_DYNAMIC_NO_PIC = NO;
				GCC_NO_COMMON_BLOCKS = YES;
				GCC_OPTIMIZATION_LEVEL = 0;
				GCC_PREPROCESSOR_DEFINITIONS = (
					"DEBUG=1",
					"$(inherited)",
				);
				GCC_WARN_64_TO_32_BIT_CONVERSION = YES;
				GCC_WARN_ABOUT_RETURN_TYPE = YES_ERROR;
				GCC_WARN_UNDECLARED_SELECTOR = YES;
				GCC_WARN_UNINITIALIZED_AUTOS = YES_AGGRESSIVE;
				GCC_WARN_UNUSED_FUNCTION = YES;
				GCC_WARN_UNUSED_VARIABLE = YES;
				IPHONEOS_DEPLOYMENT_TARGET = 17.4;
				LOCALIZATION_PREFERS_STRING_CATALOGS = YES;
				MTL_ENABLE_DEBUG_INFO = INCLUDE_SOURCE;
				MTL_FAST_MATH = YES;
				ONLY_ACTIVE_ARCH = YES;
				SDKROOT = iphoneos;
				SWIFT_ACTIVE_COMPILATION_CONDITIONS = "DEBUG $(inherited)";
				SWIFT_OPTIMIZATION_LEVEL = "-Onone";
			};
			name = Debug;
		};
		AD18D8CB2B9D4AA4002FD646 /* Release */ = {
			isa = XCBuildConfiguration;
			buildSettings = {
				ALWAYS_SEARCH_USER_PATHS = NO;
				ASSETCATALOG_COMPILER_GENERATE_SWIFT_ASSET_SYMBOL_EXTENSIONS = YES;
				CLANG_ANALYZER_NONNULL = YES;
				CLANG_ANALYZER_NUMBER_OBJECT_CONVERSION = YES_AGGRESSIVE;
				CLANG_CXX_LANGUAGE_STANDARD = "gnu++20";
				CLANG_ENABLE_MODULES = YES;
				CLANG_ENABLE_OBJC_ARC = YES;
				CLANG_ENABLE_OBJC_WEAK = YES;
				CLANG_WARN_BLOCK_CAPTURE_AUTORELEASING = YES;
				CLANG_WARN_BOOL_CONVERSION = YES;
				CLANG_WARN_COMMA = YES;
				CLANG_WARN_CONSTANT_CONVERSION = YES;
				CLANG_WARN_DEPRECATED_OBJC_IMPLEMENTATIONS = YES;
				CLANG_WARN_DIRECT_OBJC_ISA_USAGE = YES_ERROR;
				CLANG_WARN_DOCUMENTATION_COMMENTS = YES;
				CLANG_WARN_EMPTY_BODY = YES;
				CLANG_WARN_ENUM_CONVERSION = YES;
				CLANG_WARN_INFINITE_RECURSION = YES;
				CLANG_WARN_INT_CONVERSION = YES;
				CLANG_WARN_NON_LITERAL_NULL_CONVERSION = YES;
				CLANG_WARN_OBJC_IMPLICIT_RETAIN_SELF = YES;
				CLANG_WARN_OBJC_LITERAL_CONVERSION = YES;
				CLANG_WARN_OBJC_ROOT_CLASS = YES_ERROR;
				CLANG_WARN_QUOTED_INCLUDE_IN_FRAMEWORK_HEADER = YES;
				CLANG_WARN_RANGE_LOOP_ANALYSIS = YES;
				CLANG_WARN_STRICT_PROTOTYPES = YES;
				CLANG_WARN_SUSPICIOUS_MOVE = YES;
				CLANG_WARN_UNGUARDED_AVAILABILITY = YES_AGGRESSIVE;
				CLANG_WARN_UNREACHABLE_CODE = YES;
				CLANG_WARN__DUPLICATE_METHOD_MATCH = YES;
				COPY_PHASE_STRIP = NO;
				DEBUG_INFORMATION_FORMAT = "dwarf-with-dsym";
				ENABLE_NS_ASSERTIONS = NO;
				ENABLE_STRICT_OBJC_MSGSEND = YES;
				ENABLE_USER_SCRIPT_SANDBOXING = YES;
				GCC_C_LANGUAGE_STANDARD = gnu17;
				GCC_NO_COMMON_BLOCKS = YES;
				GCC_WARN_64_TO_32_BIT_CONVERSION = YES;
				GCC_WARN_ABOUT_RETURN_TYPE = YES_ERROR;
				GCC_WARN_UNDECLARED_SELECTOR = YES;
				GCC_WARN_UNINITIALIZED_AUTOS = YES_AGGRESSIVE;
				GCC_WARN_UNUSED_FUNCTION = YES;
				GCC_WARN_UNUSED_VARIABLE = YES;
				IPHONEOS_DEPLOYMENT_TARGET = 17.4;
				LOCALIZATION_PREFERS_STRING_CATALOGS = YES;
				MTL_ENABLE_DEBUG_INFO = NO;
				MTL_FAST_MATH = YES;
				SDKROOT = iphoneos;
				SWIFT_COMPILATION_MODE = wholemodule;
				VALIDATE_PRODUCT = YES;
			};
			name = Release;
		};
		AD18D8CD2B9D4AA4002FD646 /* Debug */ = {
			isa = XCBuildConfiguration;
			buildSettings = {
				ASSETCATALOG_COMPILER_APPICON_NAME = AppIcon;
				ASSETCATALOG_COMPILER_GLOBAL_ACCENT_COLOR_NAME = AccentColor;
				CODE_SIGN_ENTITLEMENTS = AnzenNavi/AnzenNaviDebug.entitlements;
				CODE_SIGN_STYLE = Automatic;
				CURRENT_PROJECT_VERSION = 1;
				DEVELOPMENT_ASSET_PATHS = "\"AnzenNavi/Preview Content\"";
				DEVELOPMENT_TEAM = HF9X4855BF;
				ENABLE_PREVIEWS = YES;
				GENERATE_INFOPLIST_FILE = YES;
				INFOPLIST_KEY_NSLocationWhenInUseUsageDescription = "現在地を取得するために利用します";
				INFOPLIST_KEY_UIApplicationSceneManifest_Generation = YES;
				INFOPLIST_KEY_UIApplicationSupportsIndirectInputEvents = YES;
				INFOPLIST_KEY_UILaunchScreen_Generation = YES;
				INFOPLIST_KEY_UISupportedInterfaceOrientations_iPad = "UIInterfaceOrientationPortrait UIInterfaceOrientationPortraitUpsideDown UIInterfaceOrientationLandscapeLeft UIInterfaceOrientationLandscapeRight";
				INFOPLIST_KEY_UISupportedInterfaceOrientations_iPhone = "UIInterfaceOrientationPortrait UIInterfaceOrientationLandscapeLeft UIInterfaceOrientationLandscapeRight";
				LD_RUNPATH_SEARCH_PATHS = (
					"$(inherited)",
					"@executable_path/Frameworks",
				);
				MARKETING_VERSION = 1.0;
				PRODUCT_BUNDLE_IDENTIFIER = hiromureve1522.AnzenNavi;
				PRODUCT_NAME = "$(TARGET_NAME)";
				SWIFT_EMIT_LOC_STRINGS = YES;
				SWIFT_VERSION = 5.0;
				TARGETED_DEVICE_FAMILY = "1,2";
			};
			name = Debug;
		};
		AD18D8CE2B9D4AA4002FD646 /* Release */ = {
			isa = XCBuildConfiguration;
			buildSettings = {
				ASSETCATALOG_COMPILER_APPICON_NAME = AppIcon;
				ASSETCATALOG_COMPILER_GLOBAL_ACCENT_COLOR_NAME = AccentColor;
				CODE_SIGN_STYLE = Automatic;
				CURRENT_PROJECT_VERSION = 1;
				DEVELOPMENT_ASSET_PATHS = "\"AnzenNavi/Preview Content\"";
				DEVELOPMENT_TEAM = HF9X4855BF;
				ENABLE_PREVIEWS = YES;
				GENERATE_INFOPLIST_FILE = YES;
				INFOPLIST_KEY_NSLocationWhenInUseUsageDescription = "現在地を取得するために利用します";
				INFOPLIST_KEY_UIApplicationSceneManifest_Generation = YES;
				INFOPLIST_KEY_UIApplicationSupportsIndirectInputEvents = YES;
				INFOPLIST_KEY_UILaunchScreen_Generation = YES;
				INFOPLIST_KEY_UISupportedInterfaceOrientations_iPad = "UIInterfaceOrientationPortrait UIInterfaceOrientationPortraitUpsideDown UIInterfaceOrientationLandscapeLeft UIInterfaceOrientationLandscapeRight";
				INFOPLIST_KEY_UISupportedInterfaceOrientations_iPhone = "UIInterfaceOrientationPortrait UIInterfaceOrientationLandscapeLeft UIInterfaceOrientationLandscapeRight";
				LD_RUNPATH_SEARCH_PATHS = (
					"$(inherited)",
					"@executable_path/Frameworks",
				);
				MARKETING_VERSION = 1.0;
				PRODUCT_BUNDLE_IDENTIFIER = hiromureve1522.AnzenNavi;
				PRODUCT_NAME = "$(TARGET_NAME)";
				SWIFT_EMIT_LOC_STRINGS = YES;
				SWIFT_VERSION = 5.0;
				TARGETED_DEVICE_FAMILY = "1,2";
			};
			name = Release;
		};
/* End XCBuildConfiguration section */

/* Begin XCConfigurationList section */
		AD18D8B92B9D4AA3002FD646 /* Build configuration list for PBXProject "AnzenNavi" */ = {
			isa = XCConfigurationList;
			buildConfigurations = (
				AD18D8CA2B9D4AA4002FD646 /* Debug */,
				AD18D8CB2B9D4AA4002FD646 /* Release */,
			);
			defaultConfigurationIsVisible = 0;
			defaultConfigurationName = Release;
		};
		AD18D8CC2B9D4AA4002FD646 /* Build configuration list for PBXNativeTarget "AnzenNavi" */ = {
			isa = XCConfigurationList;
			buildConfigurations = (
				AD18D8CD2B9D4AA4002FD646 /* Debug */,
				AD18D8CE2B9D4AA4002FD646 /* Release */,
			);
			defaultConfigurationIsVisible = 0;
			defaultConfigurationName = Release;
		};
/* End XCConfigurationList section */

/* Begin XCRemoteSwiftPackageReference section */
		AD18D9072B9D4E0F002FD646 /* XCRemoteSwiftPackageReference "firebase-ios-sdk" */ = {
			isa = XCRemoteSwiftPackageReference;
			repositoryURL = "https://github.com/firebase/firebase-ios-sdk";
			requirement = {
				kind = upToNextMajorVersion;
				minimumVersion = 10.22.1;
			};
		};
/* End XCRemoteSwiftPackageReference section */

/* Begin XCSwiftPackageProductDependency section */
		AD18D9092B9D4E1C002FD646 /* FirebaseAuth */ = {
			isa = XCSwiftPackageProductDependency;
			package = AD18D9072B9D4E0F002FD646 /* XCRemoteSwiftPackageReference "firebase-ios-sdk" */;
			productName = FirebaseAuth;
		};
/* End XCSwiftPackageProductDependency section */
	};
	rootObject = AD18D8B62B9D4AA3002FD646 /* Project object */;
}
