// !$*UTF8*$!
{
	archiveVersion = 1;
	classes = {
	};
	objectVersion = 77;
	objects = {

/* Begin PBXBuildFile section */
		AD0007532C9FFA24004D3688 /* FloatingPanel in Frameworks */ = {isa = PBXBuildFile; productRef = AD0007522C9FFA24004D3688 /* FloatingPanel */; };
		AD7547BC2C9E9786002AB6C7 /* FirebaseAuth in Frameworks */ = {isa = PBXBuildFile; productRef = AD7547BB2C9E9786002AB6C7 /* FirebaseAuth */; };
		AD7547BE2C9E9793002AB6C7 /* FirebaseFirestore in Frameworks */ = {isa = PBXBuildFile; productRef = AD7547BD2C9E9793002AB6C7 /* FirebaseFirestore */; };
		ADB3F82E2CB7421600594C65 /* FirebaseMessaging in Frameworks */ = {isa = PBXBuildFile; productRef = ADB3F82D2CB7421600594C65 /* FirebaseMessaging */; };
/* End PBXBuildFile section */

/* Begin PBXContainerItemProxy section */
		AD7547812C9D5EA3002AB6C7 /* PBXContainerItemProxy */ = {
			isa = PBXContainerItemProxy;
			containerPortal = AD7547682C9D5EA1002AB6C7 /* Project object */;
			proxyType = 1;
			remoteGlobalIDString = AD75476F2C9D5EA1002AB6C7;
			remoteInfo = AnzenNavi;
		};
		AD75478B2C9D5EA3002AB6C7 /* PBXContainerItemProxy */ = {
			isa = PBXContainerItemProxy;
			containerPortal = AD7547682C9D5EA1002AB6C7 /* Project object */;
			proxyType = 1;
			remoteGlobalIDString = AD75476F2C9D5EA1002AB6C7;
			remoteInfo = AnzenNavi;
		};
/* End PBXContainerItemProxy section */

/* Begin PBXFileReference section */
		AD7547702C9D5EA1002AB6C7 /* AnzenNavi.app */ = {isa = PBXFileReference; explicitFileType = wrapper.application; includeInIndex = 0; path = AnzenNavi.app; sourceTree = BUILT_PRODUCTS_DIR; };
		AD7547802C9D5EA3002AB6C7 /* AnzenNaviTests.xctest */ = {isa = PBXFileReference; explicitFileType = wrapper.cfbundle; includeInIndex = 0; path = AnzenNaviTests.xctest; sourceTree = BUILT_PRODUCTS_DIR; };
		AD75478A2C9D5EA3002AB6C7 /* AnzenNaviUITests.xctest */ = {isa = PBXFileReference; explicitFileType = wrapper.cfbundle; includeInIndex = 0; path = AnzenNaviUITests.xctest; sourceTree = BUILT_PRODUCTS_DIR; };
/* End PBXFileReference section */

/* Begin PBXFileSystemSynchronizedBuildFileExceptionSet section */
		ADB3F80B2CB6388200594C65 /* Exceptions for "AnzenNavi" folder in "AnzenNaviTests" target */ = {
			isa = PBXFileSystemSynchronizedBuildFileExceptionSet;
			membershipExceptions = (
				Resources/CountryNumbers.json,
				"Resources/GoogleService-Info.plist",
				Resources/shelters_data.json,
			);
			target = AD75477F2C9D5EA3002AB6C7 /* AnzenNaviTests */;
		};
		ADB3F80C2CB6388200594C65 /* Exceptions for "AnzenNavi" folder in "AnzenNaviUITests" target */ = {
			isa = PBXFileSystemSynchronizedBuildFileExceptionSet;
			membershipExceptions = (
				Resources/CountryNumbers.json,
				"Resources/GoogleService-Info.plist",
				Resources/shelters_data.json,
			);
			target = AD7547892C9D5EA3002AB6C7 /* AnzenNaviUITests */;
		};
		ADB3F8192CB67D1B00594C65 /* Exceptions for "AnzenNavi" folder in "AnzenNavi" target */ = {
			isa = PBXFileSystemSynchronizedBuildFileExceptionSet;
			membershipExceptions = (
				Info.plist,
			);
			target = AD75476F2C9D5EA1002AB6C7 /* AnzenNavi */;
		};
/* End PBXFileSystemSynchronizedBuildFileExceptionSet section */

/* Begin PBXFileSystemSynchronizedRootGroup section */
		AD7547722C9D5EA1002AB6C7 /* AnzenNavi */ = {
			isa = PBXFileSystemSynchronizedRootGroup;
			exceptions = (
				ADB3F8192CB67D1B00594C65 /* Exceptions for "AnzenNavi" folder in "AnzenNavi" target */,
				ADB3F80B2CB6388200594C65 /* Exceptions for "AnzenNavi" folder in "AnzenNaviTests" target */,
				ADB3F80C2CB6388200594C65 /* Exceptions for "AnzenNavi" folder in "AnzenNaviUITests" target */,
			);
			path = AnzenNavi;
			sourceTree = "<group>";
		};
		ADB3F81D2CB694D700594C65 /* Tests */ = {
			isa = PBXFileSystemSynchronizedRootGroup;
			path = Tests;
			sourceTree = "<group>";
		};
/* End PBXFileSystemSynchronizedRootGroup section */

/* Begin PBXFrameworksBuildPhase section */
		AD75476D2C9D5EA1002AB6C7 /* Frameworks */ = {
			isa = PBXFrameworksBuildPhase;
			buildActionMask = 2147483647;
			files = (
				ADB3F82E2CB7421600594C65 /* FirebaseMessaging in Frameworks */,
				AD0007532C9FFA24004D3688 /* FloatingPanel in Frameworks */,
				AD7547BC2C9E9786002AB6C7 /* FirebaseAuth in Frameworks */,
				AD7547BE2C9E9793002AB6C7 /* FirebaseFirestore in Frameworks */,
			);
			runOnlyForDeploymentPostprocessing = 0;
		};
		AD75477D2C9D5EA3002AB6C7 /* Frameworks */ = {
			isa = PBXFrameworksBuildPhase;
			buildActionMask = 2147483647;
			files = (
			);
			runOnlyForDeploymentPostprocessing = 0;
		};
		AD7547872C9D5EA3002AB6C7 /* Frameworks */ = {
			isa = PBXFrameworksBuildPhase;
			buildActionMask = 2147483647;
			files = (
			);
			runOnlyForDeploymentPostprocessing = 0;
		};
/* End PBXFrameworksBuildPhase section */

/* Begin PBXGroup section */
		AD7547672C9D5EA1002AB6C7 = {
			isa = PBXGroup;
			children = (
				ADB3F81D2CB694D700594C65 /* Tests */,
				AD7547722C9D5EA1002AB6C7 /* AnzenNavi */,
				AD7547BA2C9E9786002AB6C7 /* Frameworks */,
				AD7547712C9D5EA1002AB6C7 /* Products */,
			);
			sourceTree = "<group>";
		};
		AD7547712C9D5EA1002AB6C7 /* Products */ = {
			isa = PBXGroup;
			children = (
				AD7547702C9D5EA1002AB6C7 /* AnzenNavi.app */,
				AD7547802C9D5EA3002AB6C7 /* AnzenNaviTests.xctest */,
				AD75478A2C9D5EA3002AB6C7 /* AnzenNaviUITests.xctest */,
			);
			name = Products;
			sourceTree = "<group>";
		};
		AD7547BA2C9E9786002AB6C7 /* Frameworks */ = {
			isa = PBXGroup;
			children = (
			);
			name = Frameworks;
			sourceTree = "<group>";
		};
/* End PBXGroup section */

/* Begin PBXNativeTarget section */
		AD75476F2C9D5EA1002AB6C7 /* AnzenNavi */ = {
			isa = PBXNativeTarget;
			buildConfigurationList = AD7547942C9D5EA3002AB6C7 /* Build configuration list for PBXNativeTarget "AnzenNavi" */;
			buildPhases = (
				AD75476C2C9D5EA1002AB6C7 /* Sources */,
				AD75476D2C9D5EA1002AB6C7 /* Frameworks */,
				AD75476E2C9D5EA1002AB6C7 /* Resources */,
			);
			buildRules = (
			);
			dependencies = (
			);
			fileSystemSynchronizedGroups = (
				AD7547722C9D5EA1002AB6C7 /* AnzenNavi */,
				ADB3F81D2CB694D700594C65 /* Tests */,
			);
			name = AnzenNavi;
			packageProductDependencies = (
				AD7547BB2C9E9786002AB6C7 /* FirebaseAuth */,
				AD7547BD2C9E9793002AB6C7 /* FirebaseFirestore */,
				AD0007522C9FFA24004D3688 /* FloatingPanel */,
				ADB3F82D2CB7421600594C65 /* FirebaseMessaging */,
			);
			productName = AnzenNavi;
			productReference = AD7547702C9D5EA1002AB6C7 /* AnzenNavi.app */;
			productType = "com.apple.product-type.application";
		};
		AD75477F2C9D5EA3002AB6C7 /* AnzenNaviTests */ = {
			isa = PBXNativeTarget;
			buildConfigurationList = AD7547972C9D5EA3002AB6C7 /* Build configuration list for PBXNativeTarget "AnzenNaviTests" */;
			buildPhases = (
				AD75477C2C9D5EA3002AB6C7 /* Sources */,
				AD75477D2C9D5EA3002AB6C7 /* Frameworks */,
				AD75477E2C9D5EA3002AB6C7 /* Resources */,
			);
			buildRules = (
			);
			dependencies = (
				AD7547822C9D5EA3002AB6C7 /* PBXTargetDependency */,
			);
			name = AnzenNaviTests;
			packageProductDependencies = (
			);
			productName = AnzenNaviTests;
			productReference = AD7547802C9D5EA3002AB6C7 /* AnzenNaviTests.xctest */;
			productType = "com.apple.product-type.bundle.unit-test";
		};
		AD7547892C9D5EA3002AB6C7 /* AnzenNaviUITests */ = {
			isa = PBXNativeTarget;
			buildConfigurationList = AD75479A2C9D5EA3002AB6C7 /* Build configuration list for PBXNativeTarget "AnzenNaviUITests" */;
			buildPhases = (
				AD7547862C9D5EA3002AB6C7 /* Sources */,
				AD7547872C9D5EA3002AB6C7 /* Frameworks */,
				AD7547882C9D5EA3002AB6C7 /* Resources */,
			);
			buildRules = (
			);
			dependencies = (
				AD75478C2C9D5EA3002AB6C7 /* PBXTargetDependency */,
			);
			name = AnzenNaviUITests;
			packageProductDependencies = (
			);
			productName = AnzenNaviUITests;
			productReference = AD75478A2C9D5EA3002AB6C7 /* AnzenNaviUITests.xctest */;
			productType = "com.apple.product-type.bundle.ui-testing";
		};
/* End PBXNativeTarget section */

/* Begin PBXProject section */
		AD7547682C9D5EA1002AB6C7 /* Project object */ = {
			isa = PBXProject;
			attributes = {
				BuildIndependentTargetsInParallel = 1;
				LastSwiftUpdateCheck = 1600;
				LastUpgradeCheck = 1600;
				TargetAttributes = {
					AD75476F2C9D5EA1002AB6C7 = {
						CreatedOnToolsVersion = 16.0;
						LastSwiftMigration = 1600;
					};
					AD75477F2C9D5EA3002AB6C7 = {
						CreatedOnToolsVersion = 16.0;
						TestTargetID = AD75476F2C9D5EA1002AB6C7;
					};
					AD7547892C9D5EA3002AB6C7 = {
						CreatedOnToolsVersion = 16.0;
						TestTargetID = AD75476F2C9D5EA1002AB6C7;
					};
				};
			};
			buildConfigurationList = AD75476B2C9D5EA1002AB6C7 /* Build configuration list for PBXProject "AnzenNavi" */;
			developmentRegion = en;
			hasScannedForEncodings = 0;
			knownRegions = (
				en,
				Base,
			);
			mainGroup = AD7547672C9D5EA1002AB6C7;
			minimizedProjectReferenceProxies = 1;
			packageReferences = (
				AD7547B72C9E9422002AB6C7 /* XCRemoteSwiftPackageReference "firebase-ios-sdk" */,
				AD0007512C9FF9CD004D3688 /* XCRemoteSwiftPackageReference "FloatingPanel" */,
			);
			preferredProjectObjectVersion = 77;
			productRefGroup = AD7547712C9D5EA1002AB6C7 /* Products */;
			projectDirPath = "";
			projectRoot = "";
			targets = (
				AD75476F2C9D5EA1002AB6C7 /* AnzenNavi */,
				AD75477F2C9D5EA3002AB6C7 /* AnzenNaviTests */,
				AD7547892C9D5EA3002AB6C7 /* AnzenNaviUITests */,
			);
		};
/* End PBXProject section */

/* Begin PBXResourcesBuildPhase section */
		AD75476E2C9D5EA1002AB6C7 /* Resources */ = {
			isa = PBXResourcesBuildPhase;
			buildActionMask = 2147483647;
			files = (
			);
			runOnlyForDeploymentPostprocessing = 0;
		};
		AD75477E2C9D5EA3002AB6C7 /* Resources */ = {
			isa = PBXResourcesBuildPhase;
			buildActionMask = 2147483647;
			files = (
			);
			runOnlyForDeploymentPostprocessing = 0;
		};
		AD7547882C9D5EA3002AB6C7 /* Resources */ = {
			isa = PBXResourcesBuildPhase;
			buildActionMask = 2147483647;
			files = (
			);
			runOnlyForDeploymentPostprocessing = 0;
		};
/* End PBXResourcesBuildPhase section */

/* Begin PBXSourcesBuildPhase section */
		AD75476C2C9D5EA1002AB6C7 /* Sources */ = {
			isa = PBXSourcesBuildPhase;
			buildActionMask = 2147483647;
			files = (
			);
			runOnlyForDeploymentPostprocessing = 0;
		};
		AD75477C2C9D5EA3002AB6C7 /* Sources */ = {
			isa = PBXSourcesBuildPhase;
			buildActionMask = 2147483647;
			files = (
			);
			runOnlyForDeploymentPostprocessing = 0;
		};
		AD7547862C9D5EA3002AB6C7 /* Sources */ = {
			isa = PBXSourcesBuildPhase;
			buildActionMask = 2147483647;
			files = (
			);
			runOnlyForDeploymentPostprocessing = 0;
		};
/* End PBXSourcesBuildPhase section */

/* Begin PBXTargetDependency section */
		AD7547822C9D5EA3002AB6C7 /* PBXTargetDependency */ = {
			isa = PBXTargetDependency;
			target = AD75476F2C9D5EA1002AB6C7 /* AnzenNavi */;
			targetProxy = AD7547812C9D5EA3002AB6C7 /* PBXContainerItemProxy */;
		};
		AD75478C2C9D5EA3002AB6C7 /* PBXTargetDependency */ = {
			isa = PBXTargetDependency;
			target = AD75476F2C9D5EA1002AB6C7 /* AnzenNavi */;
			targetProxy = AD75478B2C9D5EA3002AB6C7 /* PBXContainerItemProxy */;
		};
/* End PBXTargetDependency section */

/* Begin XCBuildConfiguration section */
		AD7547922C9D5EA3002AB6C7 /* Debug */ = {
			isa = XCBuildConfiguration;
			buildSettings = {
				ALWAYS_SEARCH_USER_PATHS = NO;
				ASSETCATALOG_COMPILER_GENERATE_SWIFT_ASSET_SYMBOL_EXTENSIONS = YES;
				CLANG_ANALYZER_NONNULL = YES;
				CLANG_ANALYZER_NUMBER_OBJECT_CONVERSION = YES_AGGRESSIVE;
				CLANG_CXX_LANGUAGE_STANDARD = "gnu++20";
				CLANG_ENABLE_MODULES = YES;
				CLANG_ENABLE_OBJC_ARC = YES;
				CLANG_ENABLE_OBJC_WEAK = YES;
				CLANG_WARN_BLOCK_CAPTURE_AUTORELEASING = YES;
				CLANG_WARN_BOOL_CONVERSION = YES;
				CLANG_WARN_COMMA = YES;
				CLANG_WARN_CONSTANT_CONVERSION = YES;
				CLANG_WARN_DEPRECATED_OBJC_IMPLEMENTATIONS = YES;
				CLANG_WARN_DIRECT_OBJC_ISA_USAGE = YES_ERROR;
				CLANG_WARN_DOCUMENTATION_COMMENTS = YES;
				CLANG_WARN_EMPTY_BODY = YES;
				CLANG_WARN_ENUM_CONVERSION = YES;
				CLANG_WARN_INFINITE_RECURSION = YES;
				CLANG_WARN_INT_CONVERSION = YES;
				CLANG_WARN_NON_LITERAL_NULL_CONVERSION = YES;
				CLANG_WARN_OBJC_IMPLICIT_RETAIN_SELF = YES;
				CLANG_WARN_OBJC_LITERAL_CONVERSION = YES;
				CLANG_WARN_OBJC_ROOT_CLASS = YES_ERROR;
				CLANG_WARN_QUOTED_INCLUDE_IN_FRAMEWORK_HEADER = YES;
				CLANG_WARN_RANGE_LOOP_ANALYSIS = YES;
				CLANG_WARN_STRICT_PROTOTYPES = YES;
				CLANG_WARN_SUSPICIOUS_MOVE = YES;
				CLANG_WARN_UNGUARDED_AVAILABILITY = YES_AGGRESSIVE;
				CLANG_WARN_UNREACHABLE_CODE = YES;
				CLANG_WARN__DUPLICATE_METHOD_MATCH = YES;
				COPY_PHASE_STRIP = NO;
				DEBUG_INFORMATION_FORMAT = dwarf;
				ENABLE_STRICT_OBJC_MSGSEND = YES;
				ENABLE_TESTABILITY = YES;
				ENABLE_USER_SCRIPT_SANDBOXING = YES;
				GCC_C_LANGUAGE_STANDARD = gnu17;
				GCC_DYNAMIC_NO_PIC = NO;
				GCC_NO_COMMON_BLOCKS = YES;
				GCC_OPTIMIZATION_LEVEL = 0;
				GCC_PREPROCESSOR_DEFINITIONS = (
					"DEBUG=1",
					"$(inherited)",
				);
				GCC_WARN_64_TO_32_BIT_CONVERSION = YES;
				GCC_WARN_ABOUT_RETURN_TYPE = YES_ERROR;
				GCC_WARN_UNDECLARED_SELECTOR = YES;
				GCC_WARN_UNINITIALIZED_AUTOS = YES_AGGRESSIVE;
				GCC_WARN_UNUSED_FUNCTION = YES;
				GCC_WARN_UNUSED_VARIABLE = YES;
				IPHONEOS_DEPLOYMENT_TARGET = 18.0;
				LOCALIZATION_PREFERS_STRING_CATALOGS = YES;
				MTL_ENABLE_DEBUG_INFO = INCLUDE_SOURCE;
				MTL_FAST_MATH = YES;
				ONLY_ACTIVE_ARCH = YES;
				SDKROOT = iphoneos;
				SWIFT_ACTIVE_COMPILATION_CONDITIONS = "DEBUG $(inherited)";
				SWIFT_OPTIMIZATION_LEVEL = "-Onone";
			};
			name = Debug;
		};
		AD7547932C9D5EA3002AB6C7 /* Release */ = {
			isa = XCBuildConfiguration;
			buildSettings = {
				ALWAYS_SEARCH_USER_PATHS = NO;
				ASSETCATALOG_COMPILER_GENERATE_SWIFT_ASSET_SYMBOL_EXTENSIONS = YES;
				CLANG_ANALYZER_NONNULL = YES;
				CLANG_ANALYZER_NUMBER_OBJECT_CONVERSION = YES_AGGRESSIVE;
				CLANG_CXX_LANGUAGE_STANDARD = "gnu++20";
				CLANG_ENABLE_MODULES = YES;
				CLANG_ENABLE_OBJC_ARC = YES;
				CLANG_ENABLE_OBJC_WEAK = YES;
				CLANG_WARN_BLOCK_CAPTURE_AUTORELEASING = YES;
				CLANG_WARN_BOOL_CONVERSION = YES;
				CLANG_WARN_COMMA = YES;
				CLANG_WARN_CONSTANT_CONVERSION = YES;
				CLANG_WARN_DEPRECATED_OBJC_IMPLEMENTATIONS = YES;
				CLANG_WARN_DIRECT_OBJC_ISA_USAGE = YES_ERROR;
				CLANG_WARN_DOCUMENTATION_COMMENTS = YES;
				CLANG_WARN_EMPTY_BODY = YES;
				CLANG_WARN_ENUM_CONVERSION = YES;
				CLANG_WARN_INFINITE_RECURSION = YES;
				CLANG_WARN_INT_CONVERSION = YES;
				CLANG_WARN_NON_LITERAL_NULL_CONVERSION = YES;
				CLANG_WARN_OBJC_IMPLICIT_RETAIN_SELF = YES;
				CLANG_WARN_OBJC_LITERAL_CONVERSION = YES;
				CLANG_WARN_OBJC_ROOT_CLASS = YES_ERROR;
				CLANG_WARN_QUOTED_INCLUDE_IN_FRAMEWORK_HEADER = YES;
				CLANG_WARN_RANGE_LOOP_ANALYSIS = YES;
				CLANG_WARN_STRICT_PROTOTYPES = YES;
				CLANG_WARN_SUSPICIOUS_MOVE = YES;
				CLANG_WARN_UNGUARDED_AVAILABILITY = YES_AGGRESSIVE;
				CLANG_WARN_UNREACHABLE_CODE = YES;
				CLANG_WARN__DUPLICATE_METHOD_MATCH = YES;
				COPY_PHASE_STRIP = NO;
				DEBUG_INFORMATION_FORMAT = "dwarf-with-dsym";
				ENABLE_NS_ASSERTIONS = NO;
				ENABLE_STRICT_OBJC_MSGSEND = YES;
				ENABLE_USER_SCRIPT_SANDBOXING = YES;
				GCC_C_LANGUAGE_STANDARD = gnu17;
				GCC_NO_COMMON_BLOCKS = YES;
				GCC_WARN_64_TO_32_BIT_CONVERSION = YES;
				GCC_WARN_ABOUT_RETURN_TYPE = YES_ERROR;
				GCC_WARN_UNDECLARED_SELECTOR = YES;
				GCC_WARN_UNINITIALIZED_AUTOS = YES_AGGRESSIVE;
				GCC_WARN_UNUSED_FUNCTION = YES;
				GCC_WARN_UNUSED_VARIABLE = YES;
				IPHONEOS_DEPLOYMENT_TARGET = 18.0;
				LOCALIZATION_PREFERS_STRING_CATALOGS = YES;
				MTL_ENABLE_DEBUG_INFO = NO;
				MTL_FAST_MATH = YES;
				SDKROOT = iphoneos;
				SWIFT_COMPILATION_MODE = wholemodule;
				VALIDATE_PRODUCT = YES;
			};
			name = Release;
		};
		AD7547952C9D5EA3002AB6C7 /* Debug */ = {
			isa = XCBuildConfiguration;
			buildSettings = {
				ASSETCATALOG_COMPILER_APPICON_NAME = AppIcon;
				ASSETCATALOG_COMPILER_GLOBAL_ACCENT_COLOR_NAME = AccentColor;
				CLANG_ENABLE_MODULES = YES;
				CODE_SIGN_ENTITLEMENTS = AnzenNavi/AnzenNavi.entitlements;
				CODE_SIGN_STYLE = Automatic;
				CURRENT_PROJECT_VERSION = 1;
				DEVELOPMENT_ASSET_PATHS = "";
				DEVELOPMENT_TEAM = HF9X4855BF;
				ENABLE_PREVIEWS = YES;
				GENERATE_INFOPLIST_FILE = YES;
				INFOPLIST_FILE = AnzenNavi/Info.plist;
				INFOPLIST_KEY_CFBundleDisplayName = AnzenNavi;
				INFOPLIST_KEY_LSApplicationCategoryType = "public.app-category.lifestyle";
				INFOPLIST_KEY_NSLocationWhenInUseUsageDescription = "Need to Know your location ";
				INFOPLIST_KEY_UIApplicationSceneManifest_Generation = YES;
				INFOPLIST_KEY_UIApplicationSupportsIndirectInputEvents = YES;
				INFOPLIST_KEY_UILaunchStoryboardName = "";
				INFOPLIST_KEY_UISupportedInterfaceOrientations = UIInterfaceOrientationPortrait;
				IPHONEOS_DEPLOYMENT_TARGET = 17.0;
				LD_RUNPATH_SEARCH_PATHS = (
					"$(inherited)",
					"@executable_path/Frameworks",
				);
				MARKETING_VERSION = 1.0;
				PRODUCT_BUNDLE_IDENTIFIER = hiromureve1522.AnzenNavi;
				PRODUCT_NAME = "$(TARGET_NAME)";
				SUPPORTED_PLATFORMS = "iphoneos iphonesimulator";
				SUPPORTS_MACCATALYST = NO;
				SUPPORTS_MAC_DESIGNED_FOR_IPHONE_IPAD = NO;
				SUPPORTS_XR_DESIGNED_FOR_IPHONE_IPAD = NO;
				SWIFT_EMIT_LOC_STRINGS = YES;
				SWIFT_OPTIMIZATION_LEVEL = "-Onone";
				SWIFT_VERSION = 5.0;
				TARGETED_DEVICE_FAMILY = 1;
			};
			name = Debug;
		};
		AD7547962C9D5EA3002AB6C7 /* Release */ = {
			isa = XCBuildConfiguration;
			buildSettings = {
				ASSETCATALOG_COMPILER_APPICON_NAME = AppIcon;
				ASSETCATALOG_COMPILER_GLOBAL_ACCENT_COLOR_NAME = AccentColor;
				CLANG_ENABLE_MODULES = YES;
				CODE_SIGN_ENTITLEMENTS = AnzenNavi/AnzenNavi.entitlements;
				CODE_SIGN_STYLE = Automatic;
				CURRENT_PROJECT_VERSION = 1;
				DEVELOPMENT_ASSET_PATHS = "";
				DEVELOPMENT_TEAM = HF9X4855BF;
				ENABLE_PREVIEWS = YES;
				GENERATE_INFOPLIST_FILE = YES;
				INFOPLIST_FILE = AnzenNavi/Info.plist;
				INFOPLIST_KEY_CFBundleDisplayName = AnzenNavi;
				INFOPLIST_KEY_LSApplicationCategoryType = "public.app-category.lifestyle";
				INFOPLIST_KEY_NSLocationWhenInUseUsageDescription = "Need to Know your location ";
				INFOPLIST_KEY_UIApplicationSceneManifest_Generation = YES;
				INFOPLIST_KEY_UIApplicationSupportsIndirectInputEvents = YES;
				INFOPLIST_KEY_UILaunchStoryboardName = "";
				INFOPLIST_KEY_UISupportedInterfaceOrientations = UIInterfaceOrientationPortrait;
				IPHONEOS_DEPLOYMENT_TARGET = 17.0;
				LD_RUNPATH_SEARCH_PATHS = (
					"$(inherited)",
					"@executable_path/Frameworks",
				);
				MARKETING_VERSION = 1.0;
				PRODUCT_BUNDLE_IDENTIFIER = hiromureve1522.AnzenNavi;
				PRODUCT_NAME = "$(TARGET_NAME)";
				SUPPORTED_PLATFORMS = "iphoneos iphonesimulator";
				SUPPORTS_MACCATALYST = NO;
				SUPPORTS_MAC_DESIGNED_FOR_IPHONE_IPAD = NO;
				SUPPORTS_XR_DESIGNED_FOR_IPHONE_IPAD = NO;
				SWIFT_EMIT_LOC_STRINGS = YES;
				SWIFT_VERSION = 5.0;
				TARGETED_DEVICE_FAMILY = 1;
			};
			name = Release;
		};
		AD7547982C9D5EA3002AB6C7 /* Debug */ = {
			isa = XCBuildConfiguration;
			buildSettings = {
				BUNDLE_LOADER = "$(TEST_HOST)";
				CODE_SIGN_STYLE = Automatic;
				CURRENT_PROJECT_VERSION = 1;
				DEVELOPMENT_TEAM = HF9X4855BF;
				GENERATE_INFOPLIST_FILE = YES;
				IPHONEOS_DEPLOYMENT_TARGET = 17.0;
				MARKETING_VERSION = 1.0;
				PRODUCT_BUNDLE_IDENTIFIER = hiromureve1522.AnzenNaviTests;
				PRODUCT_NAME = "$(TARGET_NAME)";
				SWIFT_EMIT_LOC_STRINGS = NO;
				SWIFT_VERSION = 5.0;
				TARGETED_DEVICE_FAMILY = "1,2";
				TEST_HOST = "$(BUILT_PRODUCTS_DIR)/AnzenNavi.app/$(BUNDLE_EXECUTABLE_FOLDER_PATH)/AnzenNavi";
			};
			name = Debug;
		};
		AD7547992C9D5EA3002AB6C7 /* Release */ = {
			isa = XCBuildConfiguration;
			buildSettings = {
				BUNDLE_LOADER = "$(TEST_HOST)";
				CODE_SIGN_STYLE = Automatic;
				CURRENT_PROJECT_VERSION = 1;
				DEVELOPMENT_TEAM = HF9X4855BF;
				GENERATE_INFOPLIST_FILE = YES;
				IPHONEOS_DEPLOYMENT_TARGET = 17.0;
				MARKETING_VERSION = 1.0;
				PRODUCT_BUNDLE_IDENTIFIER = hiromureve1522.AnzenNaviTests;
				PRODUCT_NAME = "$(TARGET_NAME)";
				SWIFT_EMIT_LOC_STRINGS = NO;
				SWIFT_VERSION = 5.0;
				TARGETED_DEVICE_FAMILY = "1,2";
				TEST_HOST = "$(BUILT_PRODUCTS_DIR)/AnzenNavi.app/$(BUNDLE_EXECUTABLE_FOLDER_PATH)/AnzenNavi";
			};
			name = Release;
		};
		AD75479B2C9D5EA3002AB6C7 /* Debug */ = {
			isa = XCBuildConfiguration;
			buildSettings = {
				CODE_SIGN_STYLE = Automatic;
				CURRENT_PROJECT_VERSION = 1;
				DEVELOPMENT_TEAM = HF9X4855BF;
				GENERATE_INFOPLIST_FILE = YES;
				IPHONEOS_DEPLOYMENT_TARGET = 17.0;
				MARKETING_VERSION = 1.0;
				PRODUCT_BUNDLE_IDENTIFIER = hiromureve1522.AnzenNaviUITests;
				PRODUCT_NAME = "$(TARGET_NAME)";
				SWIFT_EMIT_LOC_STRINGS = NO;
				SWIFT_VERSION = 5.0;
				TARGETED_DEVICE_FAMILY = "1,2";
				TEST_TARGET_NAME = AnzenNavi;
			};
			name = Debug;
		};
		AD75479C2C9D5EA3002AB6C7 /* Release */ = {
			isa = XCBuildConfiguration;
			buildSettings = {
				CODE_SIGN_STYLE = Automatic;
				CURRENT_PROJECT_VERSION = 1;
				DEVELOPMENT_TEAM = HF9X4855BF;
				GENERATE_INFOPLIST_FILE = YES;
				IPHONEOS_DEPLOYMENT_TARGET = 17.0;
				MARKETING_VERSION = 1.0;
				PRODUCT_BUNDLE_IDENTIFIER = hiromureve1522.AnzenNaviUITests;
				PRODUCT_NAME = "$(TARGET_NAME)";
				SWIFT_EMIT_LOC_STRINGS = NO;
				SWIFT_VERSION = 5.0;
				TARGETED_DEVICE_FAMILY = "1,2";
				TEST_TARGET_NAME = AnzenNavi;
			};
			name = Release;
		};
/* End XCBuildConfiguration section */

/* Begin XCConfigurationList section */
		AD75476B2C9D5EA1002AB6C7 /* Build configuration list for PBXProject "AnzenNavi" */ = {
			isa = XCConfigurationList;
			buildConfigurations = (
				AD7547922C9D5EA3002AB6C7 /* Debug */,
				AD7547932C9D5EA3002AB6C7 /* Release */,
			);
			defaultConfigurationIsVisible = 0;
			defaultConfigurationName = Release;
		};
		AD7547942C9D5EA3002AB6C7 /* Build configuration list for PBXNativeTarget "AnzenNavi" */ = {
			isa = XCConfigurationList;
			buildConfigurations = (
				AD7547952C9D5EA3002AB6C7 /* Debug */,
				AD7547962C9D5EA3002AB6C7 /* Release */,
			);
			defaultConfigurationIsVisible = 0;
			defaultConfigurationName = Release;
		};
		AD7547972C9D5EA3002AB6C7 /* Build configuration list for PBXNativeTarget "AnzenNaviTests" */ = {
			isa = XCConfigurationList;
			buildConfigurations = (
				AD7547982C9D5EA3002AB6C7 /* Debug */,
				AD7547992C9D5EA3002AB6C7 /* Release */,
			);
			defaultConfigurationIsVisible = 0;
			defaultConfigurationName = Release;
		};
		AD75479A2C9D5EA3002AB6C7 /* Build configuration list for PBXNativeTarget "AnzenNaviUITests" */ = {
			isa = XCConfigurationList;
			buildConfigurations = (
				AD75479B2C9D5EA3002AB6C7 /* Debug */,
				AD75479C2C9D5EA3002AB6C7 /* Release */,
			);
			defaultConfigurationIsVisible = 0;
			defaultConfigurationName = Release;
		};
/* End XCConfigurationList section */

/* Begin XCRemoteSwiftPackageReference section */
		AD0007512C9FF9CD004D3688 /* XCRemoteSwiftPackageReference "FloatingPanel" */ = {
			isa = XCRemoteSwiftPackageReference;
			repositoryURL = "https://github.com/scenee/FloatingPanel";
			requirement = {
				kind = upToNextMajorVersion;
				minimumVersion = 2.8.6;
			};
		};
		AD7547B72C9E9422002AB6C7 /* XCRemoteSwiftPackageReference "firebase-ios-sdk" */ = {
			isa = XCRemoteSwiftPackageReference;
			repositoryURL = "https://github.com/firebase/firebase-ios-sdk.git";
			requirement = {
				kind = upToNextMajorVersion;
				minimumVersion = 11.2.0;
			};
		};
/* End XCRemoteSwiftPackageReference section */

/* Begin XCSwiftPackageProductDependency section */
		AD0007522C9FFA24004D3688 /* FloatingPanel */ = {
			isa = XCSwiftPackageProductDependency;
			package = AD0007512C9FF9CD004D3688 /* XCRemoteSwiftPackageReference "FloatingPanel" */;
			productName = FloatingPanel;
		};
		AD7547BB2C9E9786002AB6C7 /* FirebaseAuth */ = {
			isa = XCSwiftPackageProductDependency;
			package = AD7547B72C9E9422002AB6C7 /* XCRemoteSwiftPackageReference "firebase-ios-sdk" */;
			productName = FirebaseAuth;
		};
		AD7547BD2C9E9793002AB6C7 /* FirebaseFirestore */ = {
			isa = XCSwiftPackageProductDependency;
			package = AD7547B72C9E9422002AB6C7 /* XCRemoteSwiftPackageReference "firebase-ios-sdk" */;
			productName = FirebaseFirestore;
		};
		ADB3F82D2CB7421600594C65 /* FirebaseMessaging */ = {
			isa = XCSwiftPackageProductDependency;
			package = AD7547B72C9E9422002AB6C7 /* XCRemoteSwiftPackageReference "firebase-ios-sdk" */;
			productName = FirebaseMessaging;
		};
/* End XCSwiftPackageProductDependency section */
	};
	rootObject = AD7547682C9D5EA1002AB6C7 /* Project object */;
}
